
Microsoft Visual Studio Solution File, Format Version 12.00
# Visual Studio Version 17
VisualStudioVersion = 17.11.35303.130
MinimumVisualStudioVersion = 10.0.40219.1
Project("{2150E333-8FDC-42A3-9474-1A3956D46DE8}") = "Task0", "Task0", "{D2188911-FEFF-4ABD-977E-6795B2453B9F}"
EndProject
Project("{9A19103F-16F7-4668-BE54-9A1E7A4F7556}") = "Tyuiu.GulahmedovTE.Sprint3.Task0.V10", "Tyuiu.GulahmedovTE.Sprint3.Task0.V10\Tyuiu.GulahmedovTE.Sprint3.Task0.V10.csproj", "{3F99AE83-03E9-4B76-AB48-81E4D71AB5C5}"
EndProject
Project("{9A19103F-16F7-4668-BE54-9A1E7A4F7556}") = "Tyuiu.GulahmedovTE.Sprint3.Task0.V10.Lib", "Tyuiu.GulahmedovTE.Sprint3.Task0.V10.Lib\Tyuiu.GulahmedovTE.Sprint3.Task0.V10.Lib.csproj", "{0B2BAD55-3DFC-45D9-B5F0-DAF69E584613}"
EndProject
Project("{9A19103F-16F7-4668-BE54-9A1E7A4F7556}") = "Tyuiu.GulahmedovTE.Sprint3.Task0.V10.Test", "Tyuiu.GulahmedovTE.Sprint3.Task0.V10.Test\Tyuiu.GulahmedovTE.Sprint3.Task0.V10.Test.csproj", "{C63B3E58-AEE3-43CF-8C1B-D2E772BEF3C2}"
EndProject
Project("{2150E333-8FDC-42A3-9474-1A3956D46DE8}") = "Task1", "Task1", "{D49E5E01-33B4-486A-91B9-BD12864DFA0C}"
EndProject
Project("{9A19103F-16F7-4668-BE54-9A1E7A4F7556}") = "Tyuiu.GulahmedovTE.Sprint3.Task1.V9.Lib", "Tyuiu.GulahmedovTE.Sprint3.Task1.V9.Lib\Tyuiu.GulahmedovTE.Sprint3.Task1.V9.Lib.csproj", "{0559A038-50DA-43E6-A83A-71B2795F205A}"
EndProject
Project("{9A19103F-16F7-4668-BE54-9A1E7A4F7556}") = "Tyuiu.GulahmedovTE.Sprint3.Task1.V9.Test", "Tyuiu.GulahmedovTE.Sprint3.Task1.V9.Test\Tyuiu.GulahmedovTE.Sprint3.Task1.V9.Test.csproj", "{1BEA7449-E9B0-4F31-B601-E15006D991EA}"
EndProject
Project("{9A19103F-16F7-4668-BE54-9A1E7A4F7556}") = "Tyuiu.GulahmedovTE.Sprint3.Task1.V9", "Tyuiu.GulahmedovTE.Sprint3.Task1.V9\Tyuiu.GulahmedovTE.Sprint3.Task1.V9.csproj", "{5D1F6CFF-C03D-47A2-9FFE-29103797BE3E}"
EndProject
Project("{2150E333-8FDC-42A3-9474-1A3956D46DE8}") = "Task2", "Task2", "{D33ECD56-91BA-498F-BBD6-2D4747BDAE20}"
EndProject
Project("{9A19103F-16F7-4668-BE54-9A1E7A4F7556}") = "Tyuiu.GulahmedovTE.Sprint3.Task2.V27", "Tyuiu.GulahmedovTE.Sprint3.Task2.V27\Tyuiu.GulahmedovTE.Sprint3.Task2.V27.csproj", "{5332C344-C849-49AC-9652-1354E473FE76}"
EndProject
Project("{9A19103F-16F7-4668-BE54-9A1E7A4F7556}") = "Tyuiu.GulahmedovTE.Sprint3.Task2.V27.Test", "Tyuiu.GulahmedovTE.Sprint3.Task2.V27.Test\Tyuiu.GulahmedovTE.Sprint3.Task2.V27.Test.csproj", "{F516379F-4561-4A77-902F-50581882A374}"
EndProject
Project("{9A19103F-16F7-4668-BE54-9A1E7A4F7556}") = "Tyuiu.GulahmedovTE.Sprint3.Task2.V27.Lib", "Tyuiu.GulahmedovTE.Sprint3.Task2.V27.Lib\Tyuiu.GulahmedovTE.Sprint3.Task2.V27.Lib.csproj", "{22C86464-42E2-46BF-B458-864C02C7FFCB}"
EndProject
Project("{2150E333-8FDC-42A3-9474-1A3956D46DE8}") = "Task3", "Task3", "{08907B64-3D56-42F2-BF8B-B1DEA8E83178}"
EndProject
Project("{9A19103F-16F7-4668-BE54-9A1E7A4F7556}") = "Tyuiu.GulahmedovTE.Sprint3.Task3.V13.Lib", "Tyuiu.GulahmedovTE.Sprint3.Task3.V13.Lib\Tyuiu.GulahmedovTE.Sprint3.Task3.V13.Lib.csproj", "{64D932CA-F911-4DDD-BFCC-B729AF45203B}"
EndProject
Project("{9A19103F-16F7-4668-BE54-9A1E7A4F7556}") = "Tyuiu.GulahmedovTE.Sprint3.Task3.V13.Test", "Tyuiu.GulahmedovTE.Sprint3.Task3.V13.Test\Tyuiu.GulahmedovTE.Sprint3.Task3.V13.Test.csproj", "{3D61DCBB-7545-42F6-995A-2DF37FF72761}"
EndProject
Project("{9A19103F-16F7-4668-BE54-9A1E7A4F7556}") = "Tyuiu.GulahmedovTE.Sprint3.Task3.V13", "Tyuiu.GulahmedovTE.Sprint3.Task3.V13\Tyuiu.GulahmedovTE.Sprint3.Task3.V13.csproj", "{3076182F-CF16-402F-B490-4A95D412DC69}"
EndProject
Project("{2150E333-8FDC-42A3-9474-1A3956D46DE8}") = "Task4", "Task4", "{FE1D39AF-B2BF-4775-A5F7-A314518B86A1}"
EndProject
Project("{FAE04EC0-301F-11D3-BF4B-00C04F79EFBC}") = "Tyuiu.GulahmedovTE.Sprint3.Task4.V11", "Tyuiu.GulahmedovTE.Sprint3.Task4.V11\Tyuiu.GulahmedovTE.Sprint3.Task4.V11.csproj", "{7A98A9A3-10BB-4374-A86B-88C675C814F2}"
EndProject
Project("{FAE04EC0-301F-11D3-BF4B-00C04F79EFBC}") = "Tyuiu.GulahmedovTE.Sprint3.Task4.V11.Test", "Tyuiu.GulahmedovTE.Sprint3.Task4.V11.Test\Tyuiu.GulahmedovTE.Sprint3.Task4.V11.Test.csproj", "{3441CB3B-48FC-4314-87B2-F5DF8E72266D}"
EndProject
Project("{FAE04EC0-301F-11D3-BF4B-00C04F79EFBC}") = "Tyuiu.GulahmedovTE.Sprint3.Task4.V11.Lib", "Tyuiu.GulahmedovTE.Sprint3.Task4.V11.Lib\Tyuiu.GulahmedovTE.Sprint3.Task4.V11.Lib.csproj", "{898D1735-C01C-4B98-9594-91DBD93DDA80}"
EndProject
Global
	GlobalSection(SolutionConfigurationPlatforms) = preSolution
		Debug|Any CPU = Debug|Any CPU
		Release|Any CPU = Release|Any CPU
	EndGlobalSection
	GlobalSection(ProjectConfigurationPlatforms) = postSolution
		{3F99AE83-03E9-4B76-AB48-81E4D71AB5C5}.Debug|Any CPU.ActiveCfg = Debug|Any CPU
		{3F99AE83-03E9-4B76-AB48-81E4D71AB5C5}.Debug|Any CPU.Build.0 = Debug|Any CPU
		{3F99AE83-03E9-4B76-AB48-81E4D71AB5C5}.Release|Any CPU.ActiveCfg = Release|Any CPU
		{3F99AE83-03E9-4B76-AB48-81E4D71AB5C5}.Release|Any CPU.Build.0 = Release|Any CPU
		{0B2BAD55-3DFC-45D9-B5F0-DAF69E584613}.Debug|Any CPU.ActiveCfg = Debug|Any CPU
		{0B2BAD55-3DFC-45D9-B5F0-DAF69E584613}.Debug|Any CPU.Build.0 = Debug|Any CPU
		{0B2BAD55-3DFC-45D9-B5F0-DAF69E584613}.Release|Any CPU.ActiveCfg = Release|Any CPU
		{0B2BAD55-3DFC-45D9-B5F0-DAF69E584613}.Release|Any CPU.Build.0 = Release|Any CPU
		{C63B3E58-AEE3-43CF-8C1B-D2E772BEF3C2}.Debug|Any CPU.ActiveCfg = Debug|Any CPU
		{C63B3E58-AEE3-43CF-8C1B-D2E772BEF3C2}.Debug|Any CPU.Build.0 = Debug|Any CPU
		{C63B3E58-AEE3-43CF-8C1B-D2E772BEF3C2}.Release|Any CPU.ActiveCfg = Release|Any CPU
		{C63B3E58-AEE3-43CF-8C1B-D2E772BEF3C2}.Release|Any CPU.Build.0 = Release|Any CPU
		{0559A038-50DA-43E6-A83A-71B2795F205A}.Debug|Any CPU.ActiveCfg = Debug|Any CPU
		{0559A038-50DA-43E6-A83A-71B2795F205A}.Debug|Any CPU.Build.0 = Debug|Any CPU
		{0559A038-50DA-43E6-A83A-71B2795F205A}.Release|Any CPU.ActiveCfg = Release|Any CPU
		{0559A038-50DA-43E6-A83A-71B2795F205A}.Release|Any CPU.Build.0 = Release|Any CPU
		{1BEA7449-E9B0-4F31-B601-E15006D991EA}.Debug|Any CPU.ActiveCfg = Debug|Any CPU
		{1BEA7449-E9B0-4F31-B601-E15006D991EA}.Debug|Any CPU.Build.0 = Debug|Any CPU
		{1BEA7449-E9B0-4F31-B601-E15006D991EA}.Release|Any CPU.ActiveCfg = Release|Any CPU
		{1BEA7449-E9B0-4F31-B601-E15006D991EA}.Release|Any CPU.Build.0 = Release|Any CPU
		{5D1F6CFF-C03D-47A2-9FFE-29103797BE3E}.Debug|Any CPU.ActiveCfg = Debug|Any CPU
		{5D1F6CFF-C03D-47A2-9FFE-29103797BE3E}.Debug|Any CPU.Build.0 = Debug|Any CPU
		{5D1F6CFF-C03D-47A2-9FFE-29103797BE3E}.Release|Any CPU.ActiveCfg = Release|Any CPU
		{5D1F6CFF-C03D-47A2-9FFE-29103797BE3E}.Release|Any CPU.Build.0 = Release|Any CPU
		{5332C344-C849-49AC-9652-1354E473FE76}.Debug|Any CPU.ActiveCfg = Debug|Any CPU
		{5332C344-C849-49AC-9652-1354E473FE76}.Debug|Any CPU.Build.0 = Debug|Any CPU
		{5332C344-C849-49AC-9652-1354E473FE76}.Release|Any CPU.ActiveCfg = Release|Any CPU
		{5332C344-C849-49AC-9652-1354E473FE76}.Release|Any CPU.Build.0 = Release|Any CPU
		{F516379F-4561-4A77-902F-50581882A374}.Debug|Any CPU.ActiveCfg = Debug|Any CPU
		{F516379F-4561-4A77-902F-50581882A374}.Debug|Any CPU.Build.0 = Debug|Any CPU
		{F516379F-4561-4A77-902F-50581882A374}.Release|Any CPU.ActiveCfg = Release|Any CPU
		{F516379F-4561-4A77-902F-50581882A374}.Release|Any CPU.Build.0 = Release|Any CPU
		{22C86464-42E2-46BF-B458-864C02C7FFCB}.Debug|Any CPU.ActiveCfg = Debug|Any CPU
		{22C86464-42E2-46BF-B458-864C02C7FFCB}.Debug|Any CPU.Build.0 = Debug|Any CPU
		{22C86464-42E2-46BF-B458-864C02C7FFCB}.Release|Any CPU.ActiveCfg = Release|Any CPU
		{22C86464-42E2-46BF-B458-864C02C7FFCB}.Release|Any CPU.Build.0 = Release|Any CPU
		{64D932CA-F911-4DDD-BFCC-B729AF45203B}.Debug|Any CPU.ActiveCfg = Debug|Any CPU
		{64D932CA-F911-4DDD-BFCC-B729AF45203B}.Debug|Any CPU.Build.0 = Debug|Any CPU
		{64D932CA-F911-4DDD-BFCC-B729AF45203B}.Release|Any CPU.ActiveCfg = Release|Any CPU
		{64D932CA-F911-4DDD-BFCC-B729AF45203B}.Release|Any CPU.Build.0 = Release|Any CPU
		{3D61DCBB-7545-42F6-995A-2DF37FF72761}.Debug|Any CPU.ActiveCfg = Debug|Any CPU
		{3D61DCBB-7545-42F6-995A-2DF37FF72761}.Debug|Any CPU.Build.0 = Debug|Any CPU
		{3D61DCBB-7545-42F6-995A-2DF37FF72761}.Release|Any CPU.ActiveCfg = Release|Any CPU
		{3D61DCBB-7545-42F6-995A-2DF37FF72761}.Release|Any CPU.Build.0 = Release|Any CPU
		{3076182F-CF16-402F-B490-4A95D412DC69}.Debug|Any CPU.ActiveCfg = Debug|Any CPU
		{3076182F-CF16-402F-B490-4A95D412DC69}.Debug|Any CPU.Build.0 = Debug|Any CPU
		{3076182F-CF16-402F-B490-4A95D412DC69}.Release|Any CPU.ActiveCfg = Release|Any CPU
		{3076182F-CF16-402F-B490-4A95D412DC69}.Release|Any CPU.Build.0 = Release|Any CPU
		{7A98A9A3-10BB-4374-A86B-88C675C814F2}.Debug|Any CPU.ActiveCfg = Debug|Any CPU
		{7A98A9A3-10BB-4374-A86B-88C675C814F2}.Debug|Any CPU.Build.0 = Debug|Any CPU
		{7A98A9A3-10BB-4374-A86B-88C675C814F2}.Release|Any CPU.ActiveCfg = Release|Any CPU
		{7A98A9A3-10BB-4374-A86B-88C675C814F2}.Release|Any CPU.Build.0 = Release|Any CPU
		{3441CB3B-48FC-4314-87B2-F5DF8E72266D}.Debug|Any CPU.ActiveCfg = Debug|Any CPU
		{3441CB3B-48FC-4314-87B2-F5DF8E72266D}.Debug|Any CPU.Build.0 = Debug|Any CPU
		{3441CB3B-48FC-4314-87B2-F5DF8E72266D}.Release|Any CPU.ActiveCfg = Release|Any CPU
		{3441CB3B-48FC-4314-87B2-F5DF8E72266D}.Release|Any CPU.Build.0 = Release|Any CPU
		{898D1735-C01C-4B98-9594-91DBD93DDA80}.Debug|Any CPU.ActiveCfg = Debug|Any CPU
		{898D1735-C01C-4B98-9594-91DBD93DDA80}.Debug|Any CPU.Build.0 = Debug|Any CPU
		{898D1735-C01C-4B98-9594-91DBD93DDA80}.Release|Any CPU.ActiveCfg = Release|Any CPU
		{898D1735-C01C-4B98-9594-91DBD93DDA80}.Release|Any CPU.Build.0 = Release|Any CPU
	EndGlobalSection
	GlobalSection(SolutionProperties) = preSolution
		HideSolutionNode = FALSE
	EndGlobalSection
	GlobalSection(NestedProjects) = preSolution
		{3F99AE83-03E9-4B76-AB48-81E4D71AB5C5} = {D2188911-FEFF-4ABD-977E-6795B2453B9F}
		{0B2BAD55-3DFC-45D9-B5F0-DAF69E584613} = {D2188911-FEFF-4ABD-977E-6795B2453B9F}
		{C63B3E58-AEE3-43CF-8C1B-D2E772BEF3C2} = {D2188911-FEFF-4ABD-977E-6795B2453B9F}
		{0559A038-50DA-43E6-A83A-71B2795F205A} = {D49E5E01-33B4-486A-91B9-BD12864DFA0C}
		{1BEA7449-E9B0-4F31-B601-E15006D991EA} = {D49E5E01-33B4-486A-91B9-BD12864DFA0C}
		{5D1F6CFF-C03D-47A2-9FFE-29103797BE3E} = {D49E5E01-33B4-486A-91B9-BD12864DFA0C}
		{5332C344-C849-49AC-9652-1354E473FE76} = {D33ECD56-91BA-498F-BBD6-2D4747BDAE20}
		{F516379F-4561-4A77-902F-50581882A374} = {D33ECD56-91BA-498F-BBD6-2D4747BDAE20}
		{22C86464-42E2-46BF-B458-864C02C7FFCB} = {D33ECD56-91BA-498F-BBD6-2D4747BDAE20}
		{64D932CA-F911-4DDD-BFCC-B729AF45203B} = {08907B64-3D56-42F2-BF8B-B1DEA8E83178}
		{3D61DCBB-7545-42F6-995A-2DF37FF72761} = {08907B64-3D56-42F2-BF8B-B1DEA8E83178}
		{3076182F-CF16-402F-B490-4A95D412DC69} = {08907B64-3D56-42F2-BF8B-B1DEA8E83178}
		{7A98A9A3-10BB-4374-A86B-88C675C814F2} = {FE1D39AF-B2BF-4775-A5F7-A314518B86A1}
		{3441CB3B-48FC-4314-87B2-F5DF8E72266D} = {FE1D39AF-B2BF-4775-A5F7-A314518B86A1}
		{898D1735-C01C-4B98-9594-91DBD93DDA80} = {FE1D39AF-B2BF-4775-A5F7-A314518B86A1}
	EndGlobalSection
	GlobalSection(ExtensibilityGlobals) = postSolution
		SolutionGuid = {6FAF9309-B6AD-4386-8AE0-3BD0A989B760}
	EndGlobalSection
EndGlobal
